
Microsoft Visual Studio Solution File, Format Version 12.00
# Visual Studio Version 16
VisualStudioVersion = 16.0.29306.81
MinimumVisualStudioVersion = 10.0.40219.1
Project("{FAE04EC0-301F-11D3-BF4B-00C04F79EFBC}") = "Studentas", "Studentas\Studentas.csproj", "{1A740C72-1F3E-4F7D-9207-969BE7FED4CC}"
EndProject
Global
	GlobalSection(SolutionConfigurationPlatforms) = preSolution
		Debug|Any CPU = Debug|Any CPU
		Release|Any CPU = Release|Any CPU
	EndGlobalSection
	GlobalSection(ProjectConfigurationPlatforms) = postSolution
		{1A740C72-1F3E-4F7D-9207-969BE7FED4CC}.Debug|Any CPU.ActiveCfg = Debug|Any CPU
		{1A740C72-1F3E-4F7D-9207-969BE7FED4CC}.Debug|Any CPU.Build.0 = Debug|Any CPU
		{1A740C72-1F3E-4F7D-9207-969BE7FED4CC}.Release|Any CPU.ActiveCfg = Release|Any CPU
		{1A740C72-1F3E-4F7D-9207-969BE7FED4CC}.Release|Any CPU.Build.0 = Release|Any CPU
	EndGlobalSection
	GlobalSection(SolutionProperties) = preSolution
		HideSolutionNode = FALSE
	EndGlobalSection
	GlobalSection(ExtensibilityGlobals) = postSolution
		SolutionGuid = {A7386935-6A2E-48D1-8048-FE5CE8B583DE}
	EndGlobalSection
EndGlobal
